
Microsoft Visual Studio Solution File, Format Version 12.00
# Visual Studio 2013
VisualStudioVersion = 12.0.21005.1
MinimumVisualStudioVersion = 10.0.40219.1
Project("{FAE04EC0-301F-11D3-BF4B-00C04F79EFBC}") = "RYJ.Repository", "RYJ.Repository\RYJ.Repository.csproj", "{6258974E-4667-4FC9-871E-2E2AE72D4ACA}"
EndProject
Project("{2150E333-8FDC-42A3-9474-1A3956D46DE8}") = "Infrastructure(基础设施层)", "Infrastructure(基础设施层)", "{3CDCA515-E48F-47D3-9B14-5990C5D29C3E}"
EndProject
Project("{FAE04EC0-301F-11D3-BF4B-00C04F79EFBC}") = "RYJ.Component.Data", "RYJ.Component.Data\RYJ.Component.Data.csproj", "{4F39313B-8167-403A-A69B-423B9CDEE972}"
EndProject
Global
	GlobalSection(SolutionConfigurationPlatforms) = preSolution
		Debug|Any CPU = Debug|Any CPU
		Release|Any CPU = Release|Any CPU
	EndGlobalSection
	GlobalSection(ProjectConfigurationPlatforms) = postSolution
		{6258974E-4667-4FC9-871E-2E2AE72D4ACA}.Debug|Any CPU.ActiveCfg = Debug|Any CPU
		{6258974E-4667-4FC9-871E-2E2AE72D4ACA}.Debug|Any CPU.Build.0 = Debug|Any CPU
		{6258974E-4667-4FC9-871E-2E2AE72D4ACA}.Release|Any CPU.ActiveCfg = Release|Any CPU
		{6258974E-4667-4FC9-871E-2E2AE72D4ACA}.Release|Any CPU.Build.0 = Release|Any CPU
		{4F39313B-8167-403A-A69B-423B9CDEE972}.Debug|Any CPU.ActiveCfg = Debug|Any CPU
		{4F39313B-8167-403A-A69B-423B9CDEE972}.Debug|Any CPU.Build.0 = Debug|Any CPU
		{4F39313B-8167-403A-A69B-423B9CDEE972}.Release|Any CPU.ActiveCfg = Release|Any CPU
		{4F39313B-8167-403A-A69B-423B9CDEE972}.Release|Any CPU.Build.0 = Release|Any CPU
	EndGlobalSection
	GlobalSection(SolutionProperties) = preSolution
		HideSolutionNode = FALSE
	EndGlobalSection
	GlobalSection(NestedProjects) = preSolution
		{4F39313B-8167-403A-A69B-423B9CDEE972} = {3CDCA515-E48F-47D3-9B14-5990C5D29C3E}
	EndGlobalSection
EndGlobal
